// !$*UTF8*$!
{
	archiveVersion = 1;
	classes = {
	};
	objectVersion = 56;
	objects = {

/* Begin PBXBuildFile section */
		2B39B48E2BA8CC36009550A9 /* ProfileViewController.swift in Sources */ = {isa = PBXBuildFile; fileRef = 2B39B48D2BA8CC36009550A9 /* ProfileViewController.swift */; };
		848F27332BA806B500A413F4 /* InstructionsViewController.swift in Sources */ = {isa = PBXBuildFile; fileRef = 848F27322BA806B500A413F4 /* InstructionsViewController.swift */; };
		84E2BDF02BB563E0006D3A2B /* GameViewController.swift in Sources */ = {isa = PBXBuildFile; fileRef = 84E2BDEF2BB563E0006D3A2B /* GameViewController.swift */; };
		84E2BDF22BB56426006D3A2B /* Tile.swift in Sources */ = {isa = PBXBuildFile; fileRef = 84E2BDF12BB56426006D3A2B /* Tile.swift */; };
		B8824EAF2BA6DDDF00F534D2 /* LoginViewController.swift in Sources */ = {isa = PBXBuildFile; fileRef = B8824EAE2BA6DDDF00F534D2 /* LoginViewController.swift */; };
		B8824EB62BA6E35C00F534D2 /* FirebaseAnalytics in Frameworks */ = {isa = PBXBuildFile; productRef = B8824EB52BA6E35C00F534D2 /* FirebaseAnalytics */; };
		B8824EB82BA6E35C00F534D2 /* FirebaseAnalyticsOnDeviceConversion in Frameworks */ = {isa = PBXBuildFile; productRef = B8824EB72BA6E35C00F534D2 /* FirebaseAnalyticsOnDeviceConversion */; };
		B8824EBA2BA6E35C00F534D2 /* FirebaseAnalyticsSwift in Frameworks */ = {isa = PBXBuildFile; productRef = B8824EB92BA6E35C00F534D2 /* FirebaseAnalyticsSwift */; };
		B8824EBC2BA6E35C00F534D2 /* FirebaseAnalyticsWithoutAdIdSupport in Frameworks */ = {isa = PBXBuildFile; productRef = B8824EBB2BA6E35C00F534D2 /* FirebaseAnalyticsWithoutAdIdSupport */; };
		B8824EBE2BA6E35C00F534D2 /* FirebaseAppCheck in Frameworks */ = {isa = PBXBuildFile; productRef = B8824EBD2BA6E35C00F534D2 /* FirebaseAppCheck */; };
		B8824EC12BA6E55D00F534D2 /* GoogleService-Info.plist in Resources */ = {isa = PBXBuildFile; fileRef = B8824EC02BA6E55D00F534D2 /* GoogleService-Info.plist */; };
		B8824EC32BA6F14300F534D2 /* SignUpViewController.swift in Sources */ = {isa = PBXBuildFile; fileRef = B8824EC22BA6F14300F534D2 /* SignUpViewController.swift */; };
		B8824EC62BA6F78D00F534D2 /* FirebaseAuth in Frameworks */ = {isa = PBXBuildFile; productRef = B8824EC52BA6F78D00F534D2 /* FirebaseAuth */; };
		B8E1AA6B2B9A63370046E257 /* AppDelegate.swift in Sources */ = {isa = PBXBuildFile; fileRef = B8E1AA6A2B9A63370046E257 /* AppDelegate.swift */; };
		B8E1AA6D2B9A63370046E257 /* SceneDelegate.swift in Sources */ = {isa = PBXBuildFile; fileRef = B8E1AA6C2B9A63370046E257 /* SceneDelegate.swift */; };
		B8E1AA6F2B9A63370046E257 /* ViewController.swift in Sources */ = {isa = PBXBuildFile; fileRef = B8E1AA6E2B9A63370046E257 /* ViewController.swift */; };
		B8E1AA722B9A63380046E257 /* Main.storyboard in Resources */ = {isa = PBXBuildFile; fileRef = B8E1AA702B9A63380046E257 /* Main.storyboard */; };
		B8E1AA752B9A63380046E257 /* bananagrams.xcdatamodeld in Sources */ = {isa = PBXBuildFile; fileRef = B8E1AA732B9A63380046E257 /* bananagrams.xcdatamodeld */; };
		B8E1AA772B9A63400046E257 /* Assets.xcassets in Resources */ = {isa = PBXBuildFile; fileRef = B8E1AA762B9A63400046E257 /* Assets.xcassets */; };
		B8E1AA7A2B9A63400046E257 /* LaunchScreen.storyboard in Resources */ = {isa = PBXBuildFile; fileRef = B8E1AA782B9A63400046E257 /* LaunchScreen.storyboard */; };
		B8FAAE372BA8E5B100D00BA2 /* FirebaseAnalytics in Frameworks */ = {isa = PBXBuildFile; productRef = B8FAAE362BA8E5B100D00BA2 /* FirebaseAnalytics */; };
		B8FAAE392BA8E5B100D00BA2 /* FirebaseAnalyticsOnDeviceConversion in Frameworks */ = {isa = PBXBuildFile; productRef = B8FAAE382BA8E5B100D00BA2 /* FirebaseAnalyticsOnDeviceConversion */; };
		B8FAAE3B2BA8E5B100D00BA2 /* FirebaseAnalyticsSwift in Frameworks */ = {isa = PBXBuildFile; productRef = B8FAAE3A2BA8E5B100D00BA2 /* FirebaseAnalyticsSwift */; };
		B8FAAE3D2BA8E5B100D00BA2 /* FirebaseAnalyticsWithoutAdIdSupport in Frameworks */ = {isa = PBXBuildFile; productRef = B8FAAE3C2BA8E5B100D00BA2 /* FirebaseAnalyticsWithoutAdIdSupport */; };
		B8FAAE3F2BA8E5B100D00BA2 /* FirebaseAppCheck in Frameworks */ = {isa = PBXBuildFile; productRef = B8FAAE3E2BA8E5B100D00BA2 /* FirebaseAppCheck */; };
		B8FAAE412BA8E5B100D00BA2 /* FirebaseAppDistribution-Beta in Frameworks */ = {isa = PBXBuildFile; productRef = B8FAAE402BA8E5B100D00BA2 /* FirebaseAppDistribution-Beta */; };
		B8FAAE432BA8E5B100D00BA2 /* FirebaseAuth in Frameworks */ = {isa = PBXBuildFile; productRef = B8FAAE422BA8E5B100D00BA2 /* FirebaseAuth */; };
		B8FAAE452BA8E5B100D00BA2 /* FirebaseAuthCombine-Community in Frameworks */ = {isa = PBXBuildFile; productRef = B8FAAE442BA8E5B100D00BA2 /* FirebaseAuthCombine-Community */; };
		B8FAAE472BA8E5B100D00BA2 /* FirebaseCrashlytics in Frameworks */ = {isa = PBXBuildFile; productRef = B8FAAE462BA8E5B100D00BA2 /* FirebaseCrashlytics */; };
		B8FAAE492BA8E5B100D00BA2 /* FirebaseDatabase in Frameworks */ = {isa = PBXBuildFile; productRef = B8FAAE482BA8E5B100D00BA2 /* FirebaseDatabase */; };
		B8FAAE4B2BA8E5B100D00BA2 /* FirebaseDatabaseSwift in Frameworks */ = {isa = PBXBuildFile; productRef = B8FAAE4A2BA8E5B100D00BA2 /* FirebaseDatabaseSwift */; };
		B8FAAE4D2BA8E5B100D00BA2 /* FirebaseDynamicLinks in Frameworks */ = {isa = PBXBuildFile; productRef = B8FAAE4C2BA8E5B100D00BA2 /* FirebaseDynamicLinks */; };
		B8FAAE4F2BA8E5B100D00BA2 /* FirebaseFirestore in Frameworks */ = {isa = PBXBuildFile; productRef = B8FAAE4E2BA8E5B100D00BA2 /* FirebaseFirestore */; };
		B8FAAE512BA8E5B100D00BA2 /* FirebaseFirestoreCombine-Community in Frameworks */ = {isa = PBXBuildFile; productRef = B8FAAE502BA8E5B100D00BA2 /* FirebaseFirestoreCombine-Community */; };
		B8FAAE532BA8E5B100D00BA2 /* FirebaseFirestoreSwift in Frameworks */ = {isa = PBXBuildFile; productRef = B8FAAE522BA8E5B100D00BA2 /* FirebaseFirestoreSwift */; };
		B8FAAE552BA8E5B100D00BA2 /* FirebaseFunctions in Frameworks */ = {isa = PBXBuildFile; productRef = B8FAAE542BA8E5B100D00BA2 /* FirebaseFunctions */; };
		B8FAAE572BA8E5B100D00BA2 /* FirebaseFunctionsCombine-Community in Frameworks */ = {isa = PBXBuildFile; productRef = B8FAAE562BA8E5B100D00BA2 /* FirebaseFunctionsCombine-Community */; };
		B8FAAE592BA8E5B100D00BA2 /* FirebaseInAppMessaging-Beta in Frameworks */ = {isa = PBXBuildFile; productRef = B8FAAE582BA8E5B100D00BA2 /* FirebaseInAppMessaging-Beta */; };
		B8FAAE5B2BA8E5B100D00BA2 /* FirebaseInAppMessagingSwift-Beta in Frameworks */ = {isa = PBXBuildFile; productRef = B8FAAE5A2BA8E5B100D00BA2 /* FirebaseInAppMessagingSwift-Beta */; };
		B8FAAE5D2BA8E5B100D00BA2 /* FirebaseInstallations in Frameworks */ = {isa = PBXBuildFile; productRef = B8FAAE5C2BA8E5B100D00BA2 /* FirebaseInstallations */; };
		B8FAAE5F2BA8E5B100D00BA2 /* FirebaseMLModelDownloader in Frameworks */ = {isa = PBXBuildFile; productRef = B8FAAE5E2BA8E5B100D00BA2 /* FirebaseMLModelDownloader */; };
		B8FAAE612BA8E5B100D00BA2 /* FirebaseMessaging in Frameworks */ = {isa = PBXBuildFile; productRef = B8FAAE602BA8E5B100D00BA2 /* FirebaseMessaging */; };
		B8FAAE632BA8E5B100D00BA2 /* FirebasePerformance in Frameworks */ = {isa = PBXBuildFile; productRef = B8FAAE622BA8E5B100D00BA2 /* FirebasePerformance */; };
		B8FAAE652BA8E5B100D00BA2 /* FirebaseRemoteConfig in Frameworks */ = {isa = PBXBuildFile; productRef = B8FAAE642BA8E5B100D00BA2 /* FirebaseRemoteConfig */; };
		B8FAAE672BA8E5B100D00BA2 /* FirebaseRemoteConfigSwift in Frameworks */ = {isa = PBXBuildFile; productRef = B8FAAE662BA8E5B100D00BA2 /* FirebaseRemoteConfigSwift */; };
		B8FAAE692BA8E5B100D00BA2 /* FirebaseStorage in Frameworks */ = {isa = PBXBuildFile; productRef = B8FAAE682BA8E5B100D00BA2 /* FirebaseStorage */; };
		B8FAAE6B2BA8E5B100D00BA2 /* FirebaseStorageCombine-Community in Frameworks */ = {isa = PBXBuildFile; productRef = B8FAAE6A2BA8E5B100D00BA2 /* FirebaseStorageCombine-Community */; };
		B8FAAE6D2BA8E5C700D00BA2 /* FirebaseAnalytics in Frameworks */ = {isa = PBXBuildFile; productRef = B8FAAE6C2BA8E5C700D00BA2 /* FirebaseAnalytics */; };
		B8FAAE6F2BA8E5C700D00BA2 /* FirebaseAnalyticsOnDeviceConversion in Frameworks */ = {isa = PBXBuildFile; productRef = B8FAAE6E2BA8E5C700D00BA2 /* FirebaseAnalyticsOnDeviceConversion */; };
		B8FAAE712BA8E5C700D00BA2 /* FirebaseAnalyticsSwift in Frameworks */ = {isa = PBXBuildFile; productRef = B8FAAE702BA8E5C700D00BA2 /* FirebaseAnalyticsSwift */; };
		B8FAAE732BA8E5C700D00BA2 /* FirebaseAnalyticsWithoutAdIdSupport in Frameworks */ = {isa = PBXBuildFile; productRef = B8FAAE722BA8E5C700D00BA2 /* FirebaseAnalyticsWithoutAdIdSupport */; };
		B8FAAE752BA8E5C700D00BA2 /* FirebaseAppCheck in Frameworks */ = {isa = PBXBuildFile; productRef = B8FAAE742BA8E5C700D00BA2 /* FirebaseAppCheck */; };
		B8FAAE772BA8E5C700D00BA2 /* FirebaseAppDistribution-Beta in Frameworks */ = {isa = PBXBuildFile; productRef = B8FAAE762BA8E5C700D00BA2 /* FirebaseAppDistribution-Beta */; };
		B8FAAE792BA8E5C700D00BA2 /* FirebaseAuth in Frameworks */ = {isa = PBXBuildFile; productRef = B8FAAE782BA8E5C700D00BA2 /* FirebaseAuth */; };
		B8FAAE7B2BA8E5C700D00BA2 /* FirebaseAuthCombine-Community in Frameworks */ = {isa = PBXBuildFile; productRef = B8FAAE7A2BA8E5C700D00BA2 /* FirebaseAuthCombine-Community */; };
		B8FAAE7D2BA8E5C700D00BA2 /* FirebaseCrashlytics in Frameworks */ = {isa = PBXBuildFile; productRef = B8FAAE7C2BA8E5C700D00BA2 /* FirebaseCrashlytics */; };
		B8FAAE7F2BA8E5C700D00BA2 /* FirebaseDatabaseSwift in Frameworks */ = {isa = PBXBuildFile; productRef = B8FAAE7E2BA8E5C700D00BA2 /* FirebaseDatabaseSwift */; };
		B8FAAE812BA8E5C700D00BA2 /* FirebaseDynamicLinks in Frameworks */ = {isa = PBXBuildFile; productRef = B8FAAE802BA8E5C700D00BA2 /* FirebaseDynamicLinks */; };
		B8FAAE832BA8E5C700D00BA2 /* FirebaseFirestore in Frameworks */ = {isa = PBXBuildFile; productRef = B8FAAE822BA8E5C700D00BA2 /* FirebaseFirestore */; };
		B8FAAE852BA8E5C700D00BA2 /* FirebaseFirestoreCombine-Community in Frameworks */ = {isa = PBXBuildFile; productRef = B8FAAE842BA8E5C700D00BA2 /* FirebaseFirestoreCombine-Community */; };
		B8FAAE872BA8E5C700D00BA2 /* FirebaseFirestoreSwift in Frameworks */ = {isa = PBXBuildFile; productRef = B8FAAE862BA8E5C700D00BA2 /* FirebaseFirestoreSwift */; };
		B8FAAE892BA8E5C700D00BA2 /* FirebaseFunctions in Frameworks */ = {isa = PBXBuildFile; productRef = B8FAAE882BA8E5C700D00BA2 /* FirebaseFunctions */; };
		B8FAAE8B2BA8E5C700D00BA2 /* FirebaseFunctionsCombine-Community in Frameworks */ = {isa = PBXBuildFile; productRef = B8FAAE8A2BA8E5C700D00BA2 /* FirebaseFunctionsCombine-Community */; };
		B8FAAE8D2BA8E5C700D00BA2 /* FirebaseInAppMessaging-Beta in Frameworks */ = {isa = PBXBuildFile; productRef = B8FAAE8C2BA8E5C700D00BA2 /* FirebaseInAppMessaging-Beta */; };
		B8FAAE8F2BA8E5C700D00BA2 /* FirebaseInAppMessagingSwift-Beta in Frameworks */ = {isa = PBXBuildFile; productRef = B8FAAE8E2BA8E5C700D00BA2 /* FirebaseInAppMessagingSwift-Beta */; };
		B8FAAE912BA8E5C700D00BA2 /* FirebaseInstallations in Frameworks */ = {isa = PBXBuildFile; productRef = B8FAAE902BA8E5C700D00BA2 /* FirebaseInstallations */; };
		B8FAAE932BA8E5C700D00BA2 /* FirebaseMLModelDownloader in Frameworks */ = {isa = PBXBuildFile; productRef = B8FAAE922BA8E5C700D00BA2 /* FirebaseMLModelDownloader */; };
		B8FAAE952BA8E5C700D00BA2 /* FirebaseMessaging in Frameworks */ = {isa = PBXBuildFile; productRef = B8FAAE942BA8E5C700D00BA2 /* FirebaseMessaging */; };
		B8FAAE972BA8E5C700D00BA2 /* FirebasePerformance in Frameworks */ = {isa = PBXBuildFile; productRef = B8FAAE962BA8E5C700D00BA2 /* FirebasePerformance */; };
		B8FAAE992BA8E5C700D00BA2 /* FirebaseRemoteConfig in Frameworks */ = {isa = PBXBuildFile; productRef = B8FAAE982BA8E5C700D00BA2 /* FirebaseRemoteConfig */; };
		B8FAAE9B2BA8E5C700D00BA2 /* FirebaseRemoteConfigSwift in Frameworks */ = {isa = PBXBuildFile; productRef = B8FAAE9A2BA8E5C700D00BA2 /* FirebaseRemoteConfigSwift */; };
		B8FAAE9D2BA8E5C700D00BA2 /* FirebaseStorage in Frameworks */ = {isa = PBXBuildFile; productRef = B8FAAE9C2BA8E5C700D00BA2 /* FirebaseStorage */; };
		B8FAAE9F2BA8E5C700D00BA2 /* FirebaseStorageCombine-Community in Frameworks */ = {isa = PBXBuildFile; productRef = B8FAAE9E2BA8E5C700D00BA2 /* FirebaseStorageCombine-Community */; };
/* End PBXBuildFile section */

/* Begin PBXFileReference section */
		2B39B48D2BA8CC36009550A9 /* ProfileViewController.swift */ = {isa = PBXFileReference; lastKnownFileType = sourcecode.swift; path = ProfileViewController.swift; sourceTree = "<group>"; };
		848F27322BA806B500A413F4 /* InstructionsViewController.swift */ = {isa = PBXFileReference; lastKnownFileType = sourcecode.swift; path = InstructionsViewController.swift; sourceTree = "<group>"; };
		84E2BDEF2BB563E0006D3A2B /* GameViewController.swift */ = {isa = PBXFileReference; lastKnownFileType = sourcecode.swift; path = GameViewController.swift; sourceTree = "<group>"; };
		84E2BDF12BB56426006D3A2B /* Tile.swift */ = {isa = PBXFileReference; lastKnownFileType = sourcecode.swift; path = Tile.swift; sourceTree = "<group>"; };
		B8824EAE2BA6DDDF00F534D2 /* LoginViewController.swift */ = {isa = PBXFileReference; lastKnownFileType = sourcecode.swift; path = LoginViewController.swift; sourceTree = "<group>"; };
		B8824EBF2BA6E49D00F534D2 /* bananagrams.entitlements */ = {isa = PBXFileReference; lastKnownFileType = text.plist.entitlements; path = bananagrams.entitlements; sourceTree = "<group>"; };
		B8824EC02BA6E55D00F534D2 /* GoogleService-Info.plist */ = {isa = PBXFileReference; fileEncoding = 4; lastKnownFileType = text.plist.xml; path = "GoogleService-Info.plist"; sourceTree = "<group>"; };
		B8824EC22BA6F14300F534D2 /* SignUpViewController.swift */ = {isa = PBXFileReference; lastKnownFileType = sourcecode.swift; path = SignUpViewController.swift; sourceTree = "<group>"; };
		B8E1AA672B9A63370046E257 /* bananagrams.app */ = {isa = PBXFileReference; explicitFileType = wrapper.application; includeInIndex = 0; path = bananagrams.app; sourceTree = BUILT_PRODUCTS_DIR; };
		B8E1AA6A2B9A63370046E257 /* AppDelegate.swift */ = {isa = PBXFileReference; lastKnownFileType = sourcecode.swift; path = AppDelegate.swift; sourceTree = "<group>"; };
		B8E1AA6C2B9A63370046E257 /* SceneDelegate.swift */ = {isa = PBXFileReference; lastKnownFileType = sourcecode.swift; path = SceneDelegate.swift; sourceTree = "<group>"; };
		B8E1AA6E2B9A63370046E257 /* ViewController.swift */ = {isa = PBXFileReference; lastKnownFileType = sourcecode.swift; path = ViewController.swift; sourceTree = "<group>"; };
		B8E1AA712B9A63380046E257 /* Base */ = {isa = PBXFileReference; lastKnownFileType = file.storyboard; name = Base; path = Base.lproj/Main.storyboard; sourceTree = "<group>"; };
		B8E1AA742B9A63380046E257 /* bananagrams.xcdatamodel */ = {isa = PBXFileReference; lastKnownFileType = wrapper.xcdatamodel; path = bananagrams.xcdatamodel; sourceTree = "<group>"; };
		B8E1AA762B9A63400046E257 /* Assets.xcassets */ = {isa = PBXFileReference; lastKnownFileType = folder.assetcatalog; path = Assets.xcassets; sourceTree = "<group>"; };
		B8E1AA792B9A63400046E257 /* Base */ = {isa = PBXFileReference; lastKnownFileType = file.storyboard; name = Base; path = Base.lproj/LaunchScreen.storyboard; sourceTree = "<group>"; };
		B8E575212BA70473006C87FF /* Info.plist */ = {isa = PBXFileReference; lastKnownFileType = text.plist.xml; path = Info.plist; sourceTree = "<group>"; };
/* End PBXFileReference section */

/* Begin PBXFrameworksBuildPhase section */
		B8E1AA642B9A63370046E257 /* Frameworks */ = {
			isa = PBXFrameworksBuildPhase;
			buildActionMask = 2147483647;
			files = (
				B8FAAE952BA8E5C700D00BA2 /* FirebaseMessaging in Frameworks */,
				B8FAAE752BA8E5C700D00BA2 /* FirebaseAppCheck in Frameworks */,
				B8FAAE8F2BA8E5C700D00BA2 /* FirebaseInAppMessagingSwift-Beta in Frameworks */,
				B8FAAE712BA8E5C700D00BA2 /* FirebaseAnalyticsSwift in Frameworks */,
				B8FAAE3B2BA8E5B100D00BA2 /* FirebaseAnalyticsSwift in Frameworks */,
				B8FAAE7D2BA8E5C700D00BA2 /* FirebaseCrashlytics in Frameworks */,
				B8FAAE3D2BA8E5B100D00BA2 /* FirebaseAnalyticsWithoutAdIdSupport in Frameworks */,
				B8FAAE372BA8E5B100D00BA2 /* FirebaseAnalytics in Frameworks */,
				B8824EBA2BA6E35C00F534D2 /* FirebaseAnalyticsSwift in Frameworks */,
				B8FAAE632BA8E5B100D00BA2 /* FirebasePerformance in Frameworks */,
				B8FAAE692BA8E5B100D00BA2 /* FirebaseStorage in Frameworks */,
				B8FAAE9D2BA8E5C700D00BA2 /* FirebaseStorage in Frameworks */,
				B8FAAE9F2BA8E5C700D00BA2 /* FirebaseStorageCombine-Community in Frameworks */,
				B8FAAE6D2BA8E5C700D00BA2 /* FirebaseAnalytics in Frameworks */,
				B8FAAE4F2BA8E5B100D00BA2 /* FirebaseFirestore in Frameworks */,
				B8824EC62BA6F78D00F534D2 /* FirebaseAuth in Frameworks */,
				B8FAAE572BA8E5B100D00BA2 /* FirebaseFunctionsCombine-Community in Frameworks */,
				B8FAAE7B2BA8E5C700D00BA2 /* FirebaseAuthCombine-Community in Frameworks */,
				B8FAAE912BA8E5C700D00BA2 /* FirebaseInstallations in Frameworks */,
				B8FAAE672BA8E5B100D00BA2 /* FirebaseRemoteConfigSwift in Frameworks */,
				B8FAAE4D2BA8E5B100D00BA2 /* FirebaseDynamicLinks in Frameworks */,
				B8FAAE652BA8E5B100D00BA2 /* FirebaseRemoteConfig in Frameworks */,
				B8FAAE7F2BA8E5C700D00BA2 /* FirebaseDatabaseSwift in Frameworks */,
				B8FAAE9B2BA8E5C700D00BA2 /* FirebaseRemoteConfigSwift in Frameworks */,
				B8FAAE732BA8E5C700D00BA2 /* FirebaseAnalyticsWithoutAdIdSupport in Frameworks */,
				B8FAAE972BA8E5C700D00BA2 /* FirebasePerformance in Frameworks */,
				B8FAAE452BA8E5B100D00BA2 /* FirebaseAuthCombine-Community in Frameworks */,
				B8FAAE492BA8E5B100D00BA2 /* FirebaseDatabase in Frameworks */,
				B8FAAE552BA8E5B100D00BA2 /* FirebaseFunctions in Frameworks */,
				B8FAAE592BA8E5B100D00BA2 /* FirebaseInAppMessaging-Beta in Frameworks */,
				B8FAAE832BA8E5C700D00BA2 /* FirebaseFirestore in Frameworks */,
				B8FAAE812BA8E5C700D00BA2 /* FirebaseDynamicLinks in Frameworks */,
				B8FAAE872BA8E5C700D00BA2 /* FirebaseFirestoreSwift in Frameworks */,
				B8FAAE6F2BA8E5C700D00BA2 /* FirebaseAnalyticsOnDeviceConversion in Frameworks */,
				B8FAAE992BA8E5C700D00BA2 /* FirebaseRemoteConfig in Frameworks */,
				B8FAAE892BA8E5C700D00BA2 /* FirebaseFunctions in Frameworks */,
				B8FAAE8B2BA8E5C700D00BA2 /* FirebaseFunctionsCombine-Community in Frameworks */,
				B8FAAE8D2BA8E5C700D00BA2 /* FirebaseInAppMessaging-Beta in Frameworks */,
				B8824EB62BA6E35C00F534D2 /* FirebaseAnalytics in Frameworks */,
				B8824EB82BA6E35C00F534D2 /* FirebaseAnalyticsOnDeviceConversion in Frameworks */,
				B8824EBE2BA6E35C00F534D2 /* FirebaseAppCheck in Frameworks */,
				B8FAAE5D2BA8E5B100D00BA2 /* FirebaseInstallations in Frameworks */,
				B8FAAE612BA8E5B100D00BA2 /* FirebaseMessaging in Frameworks */,
				B8824EBC2BA6E35C00F534D2 /* FirebaseAnalyticsWithoutAdIdSupport in Frameworks */,
				B8FAAE6B2BA8E5B100D00BA2 /* FirebaseStorageCombine-Community in Frameworks */,
				B8FAAE512BA8E5B100D00BA2 /* FirebaseFirestoreCombine-Community in Frameworks */,
				B8FAAE772BA8E5C700D00BA2 /* FirebaseAppDistribution-Beta in Frameworks */,
				B8FAAE5B2BA8E5B100D00BA2 /* FirebaseInAppMessagingSwift-Beta in Frameworks */,
				B8FAAE792BA8E5C700D00BA2 /* FirebaseAuth in Frameworks */,
				B8FAAE852BA8E5C700D00BA2 /* FirebaseFirestoreCombine-Community in Frameworks */,
				B8FAAE392BA8E5B100D00BA2 /* FirebaseAnalyticsOnDeviceConversion in Frameworks */,
				B8FAAE432BA8E5B100D00BA2 /* FirebaseAuth in Frameworks */,
				B8FAAE932BA8E5C700D00BA2 /* FirebaseMLModelDownloader in Frameworks */,
				B8FAAE472BA8E5B100D00BA2 /* FirebaseCrashlytics in Frameworks */,
				B8FAAE532BA8E5B100D00BA2 /* FirebaseFirestoreSwift in Frameworks */,
				B8FAAE4B2BA8E5B100D00BA2 /* FirebaseDatabaseSwift in Frameworks */,
				B8FAAE5F2BA8E5B100D00BA2 /* FirebaseMLModelDownloader in Frameworks */,
				B8FAAE3F2BA8E5B100D00BA2 /* FirebaseAppCheck in Frameworks */,
				B8FAAE412BA8E5B100D00BA2 /* FirebaseAppDistribution-Beta in Frameworks */,
			);
			runOnlyForDeploymentPostprocessing = 0;
		};
/* End PBXFrameworksBuildPhase section */

/* Begin PBXGroup section */
		B8824EC42BA6F78D00F534D2 /* Frameworks */ = {
			isa = PBXGroup;
			children = (
			);
			name = Frameworks;
			sourceTree = "<group>";
		};
		B8E1AA5E2B9A63370046E257 = {
			isa = PBXGroup;
			children = (
				B8E1AA692B9A63370046E257 /* bananagrams */,
				B8E1AA682B9A63370046E257 /* Products */,
				B8824EC42BA6F78D00F534D2 /* Frameworks */,
			);
			sourceTree = "<group>";
		};
		B8E1AA682B9A63370046E257 /* Products */ = {
			isa = PBXGroup;
			children = (
				B8E1AA672B9A63370046E257 /* bananagrams.app */,
			);
			name = Products;
			sourceTree = "<group>";
		};
		B8E1AA692B9A63370046E257 /* bananagrams */ = {
			isa = PBXGroup;
			children = (
				B8824EBF2BA6E49D00F534D2 /* bananagrams.entitlements */,
				B8E1AA6A2B9A63370046E257 /* AppDelegate.swift */,
				B8E1AA6C2B9A63370046E257 /* SceneDelegate.swift */,
				B8E1AA6E2B9A63370046E257 /* ViewController.swift */,
				B8E1AA702B9A63380046E257 /* Main.storyboard */,
				84E2BDEF2BB563E0006D3A2B /* GameViewController.swift */,
				84E2BDF12BB56426006D3A2B /* Tile.swift */,
				2B39B48D2BA8CC36009550A9 /* ProfileViewController.swift */,
				B8E1AA762B9A63400046E257 /* Assets.xcassets */,
				B8E1AA782B9A63400046E257 /* LaunchScreen.storyboard */,
				B8E1AA732B9A63380046E257 /* bananagrams.xcdatamodeld */,
				B8824EAE2BA6DDDF00F534D2 /* LoginViewController.swift */,
				B8824EC02BA6E55D00F534D2 /* GoogleService-Info.plist */,
				848F27322BA806B500A413F4 /* InstructionsViewController.swift */,
				B8824EC22BA6F14300F534D2 /* SignUpViewController.swift */,
				B8E575212BA70473006C87FF /* Info.plist */,
			);
			path = bananagrams;
			sourceTree = "<group>";
		};
/* End PBXGroup section */

/* Begin PBXNativeTarget section */
		B8E1AA662B9A63370046E257 /* bananagrams */ = {
			isa = PBXNativeTarget;
			buildConfigurationList = B8E1AA7E2B9A63400046E257 /* Build configuration list for PBXNativeTarget "bananagrams" */;
			buildPhases = (
				B8E1AA632B9A63370046E257 /* Sources */,
				B8E1AA642B9A63370046E257 /* Frameworks */,
				B8E1AA652B9A63370046E257 /* Resources */,
			);
			buildRules = (
			);
			dependencies = (
			);
			name = bananagrams;
			packageProductDependencies = (
				B8824EB52BA6E35C00F534D2 /* FirebaseAnalytics */,
				B8824EB72BA6E35C00F534D2 /* FirebaseAnalyticsOnDeviceConversion */,
				B8824EB92BA6E35C00F534D2 /* FirebaseAnalyticsSwift */,
				B8824EBB2BA6E35C00F534D2 /* FirebaseAnalyticsWithoutAdIdSupport */,
				B8824EBD2BA6E35C00F534D2 /* FirebaseAppCheck */,
				B8824EC52BA6F78D00F534D2 /* FirebaseAuth */,
				B8FAAE362BA8E5B100D00BA2 /* FirebaseAnalytics */,
				B8FAAE382BA8E5B100D00BA2 /* FirebaseAnalyticsOnDeviceConversion */,
				B8FAAE3A2BA8E5B100D00BA2 /* FirebaseAnalyticsSwift */,
				B8FAAE3C2BA8E5B100D00BA2 /* FirebaseAnalyticsWithoutAdIdSupport */,
				B8FAAE3E2BA8E5B100D00BA2 /* FirebaseAppCheck */,
				B8FAAE402BA8E5B100D00BA2 /* FirebaseAppDistribution-Beta */,
				B8FAAE422BA8E5B100D00BA2 /* FirebaseAuth */,
				B8FAAE442BA8E5B100D00BA2 /* FirebaseAuthCombine-Community */,
				B8FAAE462BA8E5B100D00BA2 /* FirebaseCrashlytics */,
				B8FAAE482BA8E5B100D00BA2 /* FirebaseDatabase */,
				B8FAAE4A2BA8E5B100D00BA2 /* FirebaseDatabaseSwift */,
				B8FAAE4C2BA8E5B100D00BA2 /* FirebaseDynamicLinks */,
				B8FAAE4E2BA8E5B100D00BA2 /* FirebaseFirestore */,
				B8FAAE502BA8E5B100D00BA2 /* FirebaseFirestoreCombine-Community */,
				B8FAAE522BA8E5B100D00BA2 /* FirebaseFirestoreSwift */,
				B8FAAE542BA8E5B100D00BA2 /* FirebaseFunctions */,
				B8FAAE562BA8E5B100D00BA2 /* FirebaseFunctionsCombine-Community */,
				B8FAAE582BA8E5B100D00BA2 /* FirebaseInAppMessaging-Beta */,
				B8FAAE5A2BA8E5B100D00BA2 /* FirebaseInAppMessagingSwift-Beta */,
				B8FAAE5C2BA8E5B100D00BA2 /* FirebaseInstallations */,
				B8FAAE5E2BA8E5B100D00BA2 /* FirebaseMLModelDownloader */,
				B8FAAE602BA8E5B100D00BA2 /* FirebaseMessaging */,
				B8FAAE622BA8E5B100D00BA2 /* FirebasePerformance */,
				B8FAAE642BA8E5B100D00BA2 /* FirebaseRemoteConfig */,
				B8FAAE662BA8E5B100D00BA2 /* FirebaseRemoteConfigSwift */,
				B8FAAE682BA8E5B100D00BA2 /* FirebaseStorage */,
				B8FAAE6A2BA8E5B100D00BA2 /* FirebaseStorageCombine-Community */,
				B8FAAE6C2BA8E5C700D00BA2 /* FirebaseAnalytics */,
				B8FAAE6E2BA8E5C700D00BA2 /* FirebaseAnalyticsOnDeviceConversion */,
				B8FAAE702BA8E5C700D00BA2 /* FirebaseAnalyticsSwift */,
				B8FAAE722BA8E5C700D00BA2 /* FirebaseAnalyticsWithoutAdIdSupport */,
				B8FAAE742BA8E5C700D00BA2 /* FirebaseAppCheck */,
				B8FAAE762BA8E5C700D00BA2 /* FirebaseAppDistribution-Beta */,
				B8FAAE782BA8E5C700D00BA2 /* FirebaseAuth */,
				B8FAAE7A2BA8E5C700D00BA2 /* FirebaseAuthCombine-Community */,
				B8FAAE7C2BA8E5C700D00BA2 /* FirebaseCrashlytics */,
				B8FAAE7E2BA8E5C700D00BA2 /* FirebaseDatabaseSwift */,
				B8FAAE802BA8E5C700D00BA2 /* FirebaseDynamicLinks */,
				B8FAAE822BA8E5C700D00BA2 /* FirebaseFirestore */,
				B8FAAE842BA8E5C700D00BA2 /* FirebaseFirestoreCombine-Community */,
				B8FAAE862BA8E5C700D00BA2 /* FirebaseFirestoreSwift */,
				B8FAAE882BA8E5C700D00BA2 /* FirebaseFunctions */,
				B8FAAE8A2BA8E5C700D00BA2 /* FirebaseFunctionsCombine-Community */,
				B8FAAE8C2BA8E5C700D00BA2 /* FirebaseInAppMessaging-Beta */,
				B8FAAE8E2BA8E5C700D00BA2 /* FirebaseInAppMessagingSwift-Beta */,
				B8FAAE902BA8E5C700D00BA2 /* FirebaseInstallations */,
				B8FAAE922BA8E5C700D00BA2 /* FirebaseMLModelDownloader */,
				B8FAAE942BA8E5C700D00BA2 /* FirebaseMessaging */,
				B8FAAE962BA8E5C700D00BA2 /* FirebasePerformance */,
				B8FAAE982BA8E5C700D00BA2 /* FirebaseRemoteConfig */,
				B8FAAE9A2BA8E5C700D00BA2 /* FirebaseRemoteConfigSwift */,
				B8FAAE9C2BA8E5C700D00BA2 /* FirebaseStorage */,
				B8FAAE9E2BA8E5C700D00BA2 /* FirebaseStorageCombine-Community */,
			);
			productName = bananagrams;
			productReference = B8E1AA672B9A63370046E257 /* bananagrams.app */;
			productType = "com.apple.product-type.application";
		};
/* End PBXNativeTarget section */

/* Begin PBXProject section */
		B8E1AA5F2B9A63370046E257 /* Project object */ = {
			isa = PBXProject;
			attributes = {
				BuildIndependentTargetsInParallel = 1;
				LastSwiftUpdateCheck = 1520;
				LastUpgradeCheck = 1520;
				TargetAttributes = {
					B8E1AA662B9A63370046E257 = {
						CreatedOnToolsVersion = 15.2;
					};
				};
			};
			buildConfigurationList = B8E1AA622B9A63370046E257 /* Build configuration list for PBXProject "bananagrams" */;
			compatibilityVersion = "Xcode 14.0";
			developmentRegion = en;
			hasScannedForEncodings = 0;
			knownRegions = (
				en,
				Base,
			);
			mainGroup = B8E1AA5E2B9A63370046E257;
			packageReferences = (
				B8824EB42BA6E35C00F534D2 /* XCRemoteSwiftPackageReference "firebase-ios-sdk" */,
			);
			productRefGroup = B8E1AA682B9A63370046E257 /* Products */;
			projectDirPath = "";
			projectRoot = "";
			targets = (
				B8E1AA662B9A63370046E257 /* bananagrams */,
			);
		};
/* End PBXProject section */

/* Begin PBXResourcesBuildPhase section */
		B8E1AA652B9A63370046E257 /* Resources */ = {
			isa = PBXResourcesBuildPhase;
			buildActionMask = 2147483647;
			files = (
				B8E1AA7A2B9A63400046E257 /* LaunchScreen.storyboard in Resources */,
				B8824EC12BA6E55D00F534D2 /* GoogleService-Info.plist in Resources */,
				B8E1AA772B9A63400046E257 /* Assets.xcassets in Resources */,
				B8E1AA722B9A63380046E257 /* Main.storyboard in Resources */,
			);
			runOnlyForDeploymentPostprocessing = 0;
		};
/* End PBXResourcesBuildPhase section */

/* Begin PBXSourcesBuildPhase section */
		B8E1AA632B9A63370046E257 /* Sources */ = {
			isa = PBXSourcesBuildPhase;
			buildActionMask = 2147483647;
			files = (
				B8824EC32BA6F14300F534D2 /* SignUpViewController.swift in Sources */,
				B8E1AA6F2B9A63370046E257 /* ViewController.swift in Sources */,
				B8E1AA6B2B9A63370046E257 /* AppDelegate.swift in Sources */,
				B8E1AA6D2B9A63370046E257 /* SceneDelegate.swift in Sources */,
				84E2BDF02BB563E0006D3A2B /* GameViewController.swift in Sources */,
				B8824EAF2BA6DDDF00F534D2 /* LoginViewController.swift in Sources */,
				848F27332BA806B500A413F4 /* InstructionsViewController.swift in Sources */,
				84E2BDF22BB56426006D3A2B /* Tile.swift in Sources */,
				2B39B48E2BA8CC36009550A9 /* ProfileViewController.swift in Sources */,
				B8E1AA752B9A63380046E257 /* bananagrams.xcdatamodeld in Sources */,
			);
			runOnlyForDeploymentPostprocessing = 0;
		};
/* End PBXSourcesBuildPhase section */

/* Begin PBXVariantGroup section */
		B8E1AA702B9A63380046E257 /* Main.storyboard */ = {
			isa = PBXVariantGroup;
			children = (
				B8E1AA712B9A63380046E257 /* Base */,
			);
			name = Main.storyboard;
			sourceTree = "<group>";
		};
		B8E1AA782B9A63400046E257 /* LaunchScreen.storyboard */ = {
			isa = PBXVariantGroup;
			children = (
				B8E1AA792B9A63400046E257 /* Base */,
			);
			name = LaunchScreen.storyboard;
			sourceTree = "<group>";
		};
/* End PBXVariantGroup section */

/* Begin XCBuildConfiguration section */
		B8E1AA7C2B9A63400046E257 /* Debug */ = {
			isa = XCBuildConfiguration;
			buildSettings = {
				ALWAYS_SEARCH_USER_PATHS = NO;
				ASSETCATALOG_COMPILER_GENERATE_SWIFT_ASSET_SYMBOL_EXTENSIONS = YES;
				CLANG_ANALYZER_NONNULL = YES;
				CLANG_ANALYZER_NUMBER_OBJECT_CONVERSION = YES_AGGRESSIVE;
				CLANG_CXX_LANGUAGE_STANDARD = "gnu++20";
				CLANG_ENABLE_MODULES = YES;
				CLANG_ENABLE_OBJC_ARC = YES;
				CLANG_ENABLE_OBJC_WEAK = YES;
				CLANG_WARN_BLOCK_CAPTURE_AUTORELEASING = YES;
				CLANG_WARN_BOOL_CONVERSION = YES;
				CLANG_WARN_COMMA = YES;
				CLANG_WARN_CONSTANT_CONVERSION = YES;
				CLANG_WARN_DEPRECATED_OBJC_IMPLEMENTATIONS = YES;
				CLANG_WARN_DIRECT_OBJC_ISA_USAGE = YES_ERROR;
				CLANG_WARN_DOCUMENTATION_COMMENTS = YES;
				CLANG_WARN_EMPTY_BODY = YES;
				CLANG_WARN_ENUM_CONVERSION = YES;
				CLANG_WARN_INFINITE_RECURSION = YES;
				CLANG_WARN_INT_CONVERSION = YES;
				CLANG_WARN_NON_LITERAL_NULL_CONVERSION = YES;
				CLANG_WARN_OBJC_IMPLICIT_RETAIN_SELF = YES;
				CLANG_WARN_OBJC_LITERAL_CONVERSION = YES;
				CLANG_WARN_OBJC_ROOT_CLASS = YES_ERROR;
				CLANG_WARN_QUOTED_INCLUDE_IN_FRAMEWORK_HEADER = YES;
				CLANG_WARN_RANGE_LOOP_ANALYSIS = YES;
				CLANG_WARN_STRICT_PROTOTYPES = YES;
				CLANG_WARN_SUSPICIOUS_MOVE = YES;
				CLANG_WARN_UNGUARDED_AVAILABILITY = YES_AGGRESSIVE;
				CLANG_WARN_UNREACHABLE_CODE = YES;
				CLANG_WARN__DUPLICATE_METHOD_MATCH = YES;
				COPY_PHASE_STRIP = NO;
				DEBUG_INFORMATION_FORMAT = dwarf;
				ENABLE_STRICT_OBJC_MSGSEND = YES;
				ENABLE_TESTABILITY = YES;
				ENABLE_USER_SCRIPT_SANDBOXING = YES;
				GCC_C_LANGUAGE_STANDARD = gnu17;
				GCC_DYNAMIC_NO_PIC = NO;
				GCC_NO_COMMON_BLOCKS = YES;
				GCC_OPTIMIZATION_LEVEL = 0;
				GCC_PREPROCESSOR_DEFINITIONS = (
					"DEBUG=1",
					"$(inherited)",
				);
				GCC_WARN_64_TO_32_BIT_CONVERSION = YES;
				GCC_WARN_ABOUT_RETURN_TYPE = YES_ERROR;
				GCC_WARN_UNDECLARED_SELECTOR = YES;
				GCC_WARN_UNINITIALIZED_AUTOS = YES_AGGRESSIVE;
				GCC_WARN_UNUSED_FUNCTION = YES;
				GCC_WARN_UNUSED_VARIABLE = YES;
				IPHONEOS_DEPLOYMENT_TARGET = 17.2;
				LOCALIZATION_PREFERS_STRING_CATALOGS = YES;
				MTL_ENABLE_DEBUG_INFO = INCLUDE_SOURCE;
				MTL_FAST_MATH = YES;
				ONLY_ACTIVE_ARCH = YES;
				SDKROOT = iphoneos;
				SWIFT_ACTIVE_COMPILATION_CONDITIONS = "DEBUG $(inherited)";
				SWIFT_OPTIMIZATION_LEVEL = "-Onone";
			};
			name = Debug;
		};
		B8E1AA7D2B9A63400046E257 /* Release */ = {
			isa = XCBuildConfiguration;
			buildSettings = {
				ALWAYS_SEARCH_USER_PATHS = NO;
				ASSETCATALOG_COMPILER_GENERATE_SWIFT_ASSET_SYMBOL_EXTENSIONS = YES;
				CLANG_ANALYZER_NONNULL = YES;
				CLANG_ANALYZER_NUMBER_OBJECT_CONVERSION = YES_AGGRESSIVE;
				CLANG_CXX_LANGUAGE_STANDARD = "gnu++20";
				CLANG_ENABLE_MODULES = YES;
				CLANG_ENABLE_OBJC_ARC = YES;
				CLANG_ENABLE_OBJC_WEAK = YES;
				CLANG_WARN_BLOCK_CAPTURE_AUTORELEASING = YES;
				CLANG_WARN_BOOL_CONVERSION = YES;
				CLANG_WARN_COMMA = YES;
				CLANG_WARN_CONSTANT_CONVERSION = YES;
				CLANG_WARN_DEPRECATED_OBJC_IMPLEMENTATIONS = YES;
				CLANG_WARN_DIRECT_OBJC_ISA_USAGE = YES_ERROR;
				CLANG_WARN_DOCUMENTATION_COMMENTS = YES;
				CLANG_WARN_EMPTY_BODY = YES;
				CLANG_WARN_ENUM_CONVERSION = YES;
				CLANG_WARN_INFINITE_RECURSION = YES;
				CLANG_WARN_INT_CONVERSION = YES;
				CLANG_WARN_NON_LITERAL_NULL_CONVERSION = YES;
				CLANG_WARN_OBJC_IMPLICIT_RETAIN_SELF = YES;
				CLANG_WARN_OBJC_LITERAL_CONVERSION = YES;
				CLANG_WARN_OBJC_ROOT_CLASS = YES_ERROR;
				CLANG_WARN_QUOTED_INCLUDE_IN_FRAMEWORK_HEADER = YES;
				CLANG_WARN_RANGE_LOOP_ANALYSIS = YES;
				CLANG_WARN_STRICT_PROTOTYPES = YES;
				CLANG_WARN_SUSPICIOUS_MOVE = YES;
				CLANG_WARN_UNGUARDED_AVAILABILITY = YES_AGGRESSIVE;
				CLANG_WARN_UNREACHABLE_CODE = YES;
				CLANG_WARN__DUPLICATE_METHOD_MATCH = YES;
				COPY_PHASE_STRIP = NO;
				DEBUG_INFORMATION_FORMAT = "dwarf-with-dsym";
				ENABLE_NS_ASSERTIONS = NO;
				ENABLE_STRICT_OBJC_MSGSEND = YES;
				ENABLE_USER_SCRIPT_SANDBOXING = YES;
				GCC_C_LANGUAGE_STANDARD = gnu17;
				GCC_NO_COMMON_BLOCKS = YES;
				GCC_WARN_64_TO_32_BIT_CONVERSION = YES;
				GCC_WARN_ABOUT_RETURN_TYPE = YES_ERROR;
				GCC_WARN_UNDECLARED_SELECTOR = YES;
				GCC_WARN_UNINITIALIZED_AUTOS = YES_AGGRESSIVE;
				GCC_WARN_UNUSED_FUNCTION = YES;
				GCC_WARN_UNUSED_VARIABLE = YES;
				IPHONEOS_DEPLOYMENT_TARGET = 17.2;
				LOCALIZATION_PREFERS_STRING_CATALOGS = YES;
				MTL_ENABLE_DEBUG_INFO = NO;
				MTL_FAST_MATH = YES;
				SDKROOT = iphoneos;
				SWIFT_COMPILATION_MODE = wholemodule;
				VALIDATE_PRODUCT = YES;
			};
			name = Release;
		};
		B8E1AA7F2B9A63400046E257 /* Debug */ = {
			isa = XCBuildConfiguration;
			buildSettings = {
				ASSETCATALOG_COMPILER_APPICON_NAME = AppIcon;
				ASSETCATALOG_COMPILER_GLOBAL_ACCENT_COLOR_NAME = AccentColor;
				CODE_SIGN_ENTITLEMENTS = bananagrams/bananagrams.entitlements;
				CODE_SIGN_STYLE = Automatic;
				CURRENT_PROJECT_VERSION = 1;
				DEVELOPMENT_TEAM = F56JC7G7C9;
				GENERATE_INFOPLIST_FILE = YES;
				INFOPLIST_FILE = bananagrams/Info.plist;
				INFOPLIST_KEY_UIApplicationSupportsIndirectInputEvents = YES;
				INFOPLIST_KEY_UILaunchStoryboardName = LaunchScreen;
				INFOPLIST_KEY_UIMainStoryboardFile = Main;
				INFOPLIST_KEY_UISupportedInterfaceOrientations_iPad = "UIInterfaceOrientationPortrait UIInterfaceOrientationPortraitUpsideDown UIInterfaceOrientationLandscapeLeft UIInterfaceOrientationLandscapeRight";
				INFOPLIST_KEY_UISupportedInterfaceOrientations_iPhone = "UIInterfaceOrientationPortrait UIInterfaceOrientationLandscapeLeft UIInterfaceOrientationLandscapeRight";
				LD_RUNPATH_SEARCH_PATHS = (
					"$(inherited)",
					"@executable_path/Frameworks",
				);
				MARKETING_VERSION = 1.0;
				PRODUCT_BUNDLE_IDENTIFIER = utcs.bananagrams;
				PRODUCT_NAME = "$(TARGET_NAME)";
				SWIFT_EMIT_LOC_STRINGS = YES;
				SWIFT_VERSION = 5.0;
				TARGETED_DEVICE_FAMILY = "1,2";
			};
			name = Debug;
		};
		B8E1AA802B9A63400046E257 /* Release */ = {
			isa = XCBuildConfiguration;
			buildSettings = {
				ASSETCATALOG_COMPILER_APPICON_NAME = AppIcon;
				ASSETCATALOG_COMPILER_GLOBAL_ACCENT_COLOR_NAME = AccentColor;
				CODE_SIGN_ENTITLEMENTS = bananagrams/bananagrams.entitlements;
				CODE_SIGN_STYLE = Automatic;
				CURRENT_PROJECT_VERSION = 1;
				DEVELOPMENT_TEAM = F56JC7G7C9;
				GENERATE_INFOPLIST_FILE = YES;
				INFOPLIST_FILE = bananagrams/Info.plist;
				INFOPLIST_KEY_UIApplicationSupportsIndirectInputEvents = YES;
				INFOPLIST_KEY_UILaunchStoryboardName = LaunchScreen;
				INFOPLIST_KEY_UIMainStoryboardFile = Main;
				INFOPLIST_KEY_UISupportedInterfaceOrientations_iPad = "UIInterfaceOrientationPortrait UIInterfaceOrientationPortraitUpsideDown UIInterfaceOrientationLandscapeLeft UIInterfaceOrientationLandscapeRight";
				INFOPLIST_KEY_UISupportedInterfaceOrientations_iPhone = "UIInterfaceOrientationPortrait UIInterfaceOrientationLandscapeLeft UIInterfaceOrientationLandscapeRight";
				LD_RUNPATH_SEARCH_PATHS = (
					"$(inherited)",
					"@executable_path/Frameworks",
				);
				MARKETING_VERSION = 1.0;
				PRODUCT_BUNDLE_IDENTIFIER = utcs.bananagrams;
				PRODUCT_NAME = "$(TARGET_NAME)";
				SWIFT_EMIT_LOC_STRINGS = YES;
				SWIFT_VERSION = 5.0;
				TARGETED_DEVICE_FAMILY = "1,2";
			};
			name = Release;
		};
/* End XCBuildConfiguration section */

/* Begin XCConfigurationList section */
		B8E1AA622B9A63370046E257 /* Build configuration list for PBXProject "bananagrams" */ = {
			isa = XCConfigurationList;
			buildConfigurations = (
				B8E1AA7C2B9A63400046E257 /* Debug */,
				B8E1AA7D2B9A63400046E257 /* Release */,
			);
			defaultConfigurationIsVisible = 0;
			defaultConfigurationName = Release;
		};
		B8E1AA7E2B9A63400046E257 /* Build configuration list for PBXNativeTarget "bananagrams" */ = {
			isa = XCConfigurationList;
			buildConfigurations = (
				B8E1AA7F2B9A63400046E257 /* Debug */,
				B8E1AA802B9A63400046E257 /* Release */,
			);
			defaultConfigurationIsVisible = 0;
			defaultConfigurationName = Release;
		};
/* End XCConfigurationList section */

/* Begin XCRemoteSwiftPackageReference section */
		B8824EB42BA6E35C00F534D2 /* XCRemoteSwiftPackageReference "firebase-ios-sdk" */ = {
			isa = XCRemoteSwiftPackageReference;
			repositoryURL = "https://github.com/firebase/firebase-ios-sdk";
			requirement = {
				kind = upToNextMajorVersion;
				minimumVersion = 10.22.1;
			};
		};
/* End XCRemoteSwiftPackageReference section */

/* Begin XCSwiftPackageProductDependency section */
		B8824EB52BA6E35C00F534D2 /* FirebaseAnalytics */ = {
			isa = XCSwiftPackageProductDependency;
			package = B8824EB42BA6E35C00F534D2 /* XCRemoteSwiftPackageReference "firebase-ios-sdk" */;
			productName = FirebaseAnalytics;
		};
		B8824EB72BA6E35C00F534D2 /* FirebaseAnalyticsOnDeviceConversion */ = {
			isa = XCSwiftPackageProductDependency;
			package = B8824EB42BA6E35C00F534D2 /* XCRemoteSwiftPackageReference "firebase-ios-sdk" */;
			productName = FirebaseAnalyticsOnDeviceConversion;
		};
		B8824EB92BA6E35C00F534D2 /* FirebaseAnalyticsSwift */ = {
			isa = XCSwiftPackageProductDependency;
			package = B8824EB42BA6E35C00F534D2 /* XCRemoteSwiftPackageReference "firebase-ios-sdk" */;
			productName = FirebaseAnalyticsSwift;
		};
		B8824EBB2BA6E35C00F534D2 /* FirebaseAnalyticsWithoutAdIdSupport */ = {
			isa = XCSwiftPackageProductDependency;
			package = B8824EB42BA6E35C00F534D2 /* XCRemoteSwiftPackageReference "firebase-ios-sdk" */;
			productName = FirebaseAnalyticsWithoutAdIdSupport;
		};
		B8824EBD2BA6E35C00F534D2 /* FirebaseAppCheck */ = {
			isa = XCSwiftPackageProductDependency;
			package = B8824EB42BA6E35C00F534D2 /* XCRemoteSwiftPackageReference "firebase-ios-sdk" */;
			productName = FirebaseAppCheck;
		};
		B8824EC52BA6F78D00F534D2 /* FirebaseAuth */ = {
			isa = XCSwiftPackageProductDependency;
			package = B8824EB42BA6E35C00F534D2 /* XCRemoteSwiftPackageReference "firebase-ios-sdk" */;
			productName = FirebaseAuth;
		};
		B8FAAE362BA8E5B100D00BA2 /* FirebaseAnalytics */ = {
			isa = XCSwiftPackageProductDependency;
			package = B8824EB42BA6E35C00F534D2 /* XCRemoteSwiftPackageReference "firebase-ios-sdk" */;
			productName = FirebaseAnalytics;
		};
		B8FAAE382BA8E5B100D00BA2 /* FirebaseAnalyticsOnDeviceConversion */ = {
			isa = XCSwiftPackageProductDependency;
			package = B8824EB42BA6E35C00F534D2 /* XCRemoteSwiftPackageReference "firebase-ios-sdk" */;
			productName = FirebaseAnalyticsOnDeviceConversion;
		};
		B8FAAE3A2BA8E5B100D00BA2 /* FirebaseAnalyticsSwift */ = {
			isa = XCSwiftPackageProductDependency;
			package = B8824EB42BA6E35C00F534D2 /* XCRemoteSwiftPackageReference "firebase-ios-sdk" */;
			productName = FirebaseAnalyticsSwift;
		};
		B8FAAE3C2BA8E5B100D00BA2 /* FirebaseAnalyticsWithoutAdIdSupport */ = {
			isa = XCSwiftPackageProductDependency;
			package = B8824EB42BA6E35C00F534D2 /* XCRemoteSwiftPackageReference "firebase-ios-sdk" */;
			productName = FirebaseAnalyticsWithoutAdIdSupport;
		};
		B8FAAE3E2BA8E5B100D00BA2 /* FirebaseAppCheck */ = {
			isa = XCSwiftPackageProductDependency;
			package = B8824EB42BA6E35C00F534D2 /* XCRemoteSwiftPackageReference "firebase-ios-sdk" */;
			productName = FirebaseAppCheck;
		};
		B8FAAE402BA8E5B100D00BA2 /* FirebaseAppDistribution-Beta */ = {
			isa = XCSwiftPackageProductDependency;
			package = B8824EB42BA6E35C00F534D2 /* XCRemoteSwiftPackageReference "firebase-ios-sdk" */;
			productName = "FirebaseAppDistribution-Beta";
		};
		B8FAAE422BA8E5B100D00BA2 /* FirebaseAuth */ = {
			isa = XCSwiftPackageProductDependency;
			package = B8824EB42BA6E35C00F534D2 /* XCRemoteSwiftPackageReference "firebase-ios-sdk" */;
			productName = FirebaseAuth;
		};
		B8FAAE442BA8E5B100D00BA2 /* FirebaseAuthCombine-Community */ = {
			isa = XCSwiftPackageProductDependency;
			package = B8824EB42BA6E35C00F534D2 /* XCRemoteSwiftPackageReference "firebase-ios-sdk" */;
			productName = "FirebaseAuthCombine-Community";
		};
		B8FAAE462BA8E5B100D00BA2 /* FirebaseCrashlytics */ = {
			isa = XCSwiftPackageProductDependency;
			package = B8824EB42BA6E35C00F534D2 /* XCRemoteSwiftPackageReference "firebase-ios-sdk" */;
			productName = FirebaseCrashlytics;
		};
		B8FAAE482BA8E5B100D00BA2 /* FirebaseDatabase */ = {
			isa = XCSwiftPackageProductDependency;
			package = B8824EB42BA6E35C00F534D2 /* XCRemoteSwiftPackageReference "firebase-ios-sdk" */;
			productName = FirebaseDatabase;
		};
		B8FAAE4A2BA8E5B100D00BA2 /* FirebaseDatabaseSwift */ = {
			isa = XCSwiftPackageProductDependency;
			package = B8824EB42BA6E35C00F534D2 /* XCRemoteSwiftPackageReference "firebase-ios-sdk" */;
			productName = FirebaseDatabaseSwift;
		};
		B8FAAE4C2BA8E5B100D00BA2 /* FirebaseDynamicLinks */ = {
			isa = XCSwiftPackageProductDependency;
			package = B8824EB42BA6E35C00F534D2 /* XCRemoteSwiftPackageReference "firebase-ios-sdk" */;
			productName = FirebaseDynamicLinks;
		};
		B8FAAE4E2BA8E5B100D00BA2 /* FirebaseFirestore */ = {
			isa = XCSwiftPackageProductDependency;
			package = B8824EB42BA6E35C00F534D2 /* XCRemoteSwiftPackageReference "firebase-ios-sdk" */;
			productName = FirebaseFirestore;
		};
		B8FAAE502BA8E5B100D00BA2 /* FirebaseFirestoreCombine-Community */ = {
			isa = XCSwiftPackageProductDependency;
			package = B8824EB42BA6E35C00F534D2 /* XCRemoteSwiftPackageReference "firebase-ios-sdk" */;
			productName = "FirebaseFirestoreCombine-Community";
		};
		B8FAAE522BA8E5B100D00BA2 /* FirebaseFirestoreSwift */ = {
			isa = XCSwiftPackageProductDependency;
			package = B8824EB42BA6E35C00F534D2 /* XCRemoteSwiftPackageReference "firebase-ios-sdk" */;
			productName = FirebaseFirestoreSwift;
		};
		B8FAAE542BA8E5B100D00BA2 /* FirebaseFunctions */ = {
			isa = XCSwiftPackageProductDependency;
			package = B8824EB42BA6E35C00F534D2 /* XCRemoteSwiftPackageReference "firebase-ios-sdk" */;
			productName = FirebaseFunctions;
		};
		B8FAAE562BA8E5B100D00BA2 /* FirebaseFunctionsCombine-Community */ = {
			isa = XCSwiftPackageProductDependency;
			package = B8824EB42BA6E35C00F534D2 /* XCRemoteSwiftPackageReference "firebase-ios-sdk" */;
			productName = "FirebaseFunctionsCombine-Community";
		};
		B8FAAE582BA8E5B100D00BA2 /* FirebaseInAppMessaging-Beta */ = {
			isa = XCSwiftPackageProductDependency;
			package = B8824EB42BA6E35C00F534D2 /* XCRemoteSwiftPackageReference "firebase-ios-sdk" */;
			productName = "FirebaseInAppMessaging-Beta";
		};
		B8FAAE5A2BA8E5B100D00BA2 /* FirebaseInAppMessagingSwift-Beta */ = {
			isa = XCSwiftPackageProductDependency;
			package = B8824EB42BA6E35C00F534D2 /* XCRemoteSwiftPackageReference "firebase-ios-sdk" */;
			productName = "FirebaseInAppMessagingSwift-Beta";
		};
		B8FAAE5C2BA8E5B100D00BA2 /* FirebaseInstallations */ = {
			isa = XCSwiftPackageProductDependency;
			package = B8824EB42BA6E35C00F534D2 /* XCRemoteSwiftPackageReference "firebase-ios-sdk" */;
			productName = FirebaseInstallations;
		};
		B8FAAE5E2BA8E5B100D00BA2 /* FirebaseMLModelDownloader */ = {
			isa = XCSwiftPackageProductDependency;
			package = B8824EB42BA6E35C00F534D2 /* XCRemoteSwiftPackageReference "firebase-ios-sdk" */;
			productName = FirebaseMLModelDownloader;
		};
		B8FAAE602BA8E5B100D00BA2 /* FirebaseMessaging */ = {
			isa = XCSwiftPackageProductDependency;
			package = B8824EB42BA6E35C00F534D2 /* XCRemoteSwiftPackageReference "firebase-ios-sdk" */;
			productName = FirebaseMessaging;
		};
		B8FAAE622BA8E5B100D00BA2 /* FirebasePerformance */ = {
			isa = XCSwiftPackageProductDependency;
			package = B8824EB42BA6E35C00F534D2 /* XCRemoteSwiftPackageReference "firebase-ios-sdk" */;
			productName = FirebasePerformance;
		};
		B8FAAE642BA8E5B100D00BA2 /* FirebaseRemoteConfig */ = {
			isa = XCSwiftPackageProductDependency;
			package = B8824EB42BA6E35C00F534D2 /* XCRemoteSwiftPackageReference "firebase-ios-sdk" */;
			productName = FirebaseRemoteConfig;
		};
		B8FAAE662BA8E5B100D00BA2 /* FirebaseRemoteConfigSwift */ = {
			isa = XCSwiftPackageProductDependency;
			package = B8824EB42BA6E35C00F534D2 /* XCRemoteSwiftPackageReference "firebase-ios-sdk" */;
			productName = FirebaseRemoteConfigSwift;
		};
		B8FAAE682BA8E5B100D00BA2 /* FirebaseStorage */ = {
			isa = XCSwiftPackageProductDependency;
			package = B8824EB42BA6E35C00F534D2 /* XCRemoteSwiftPackageReference "firebase-ios-sdk" */;
			productName = FirebaseStorage;
		};
		B8FAAE6A2BA8E5B100D00BA2 /* FirebaseStorageCombine-Community */ = {
			isa = XCSwiftPackageProductDependency;
			package = B8824EB42BA6E35C00F534D2 /* XCRemoteSwiftPackageReference "firebase-ios-sdk" */;
			productName = "FirebaseStorageCombine-Community";
		};
		B8FAAE6C2BA8E5C700D00BA2 /* FirebaseAnalytics */ = {
			isa = XCSwiftPackageProductDependency;
			package = B8824EB42BA6E35C00F534D2 /* XCRemoteSwiftPackageReference "firebase-ios-sdk" */;
			productName = FirebaseAnalytics;
		};
		B8FAAE6E2BA8E5C700D00BA2 /* FirebaseAnalyticsOnDeviceConversion */ = {
			isa = XCSwiftPackageProductDependency;
			package = B8824EB42BA6E35C00F534D2 /* XCRemoteSwiftPackageReference "firebase-ios-sdk" */;
			productName = FirebaseAnalyticsOnDeviceConversion;
		};
		B8FAAE702BA8E5C700D00BA2 /* FirebaseAnalyticsSwift */ = {
			isa = XCSwiftPackageProductDependency;
			package = B8824EB42BA6E35C00F534D2 /* XCRemoteSwiftPackageReference "firebase-ios-sdk" */;
			productName = FirebaseAnalyticsSwift;
		};
		B8FAAE722BA8E5C700D00BA2 /* FirebaseAnalyticsWithoutAdIdSupport */ = {
			isa = XCSwiftPackageProductDependency;
			package = B8824EB42BA6E35C00F534D2 /* XCRemoteSwiftPackageReference "firebase-ios-sdk" */;
			productName = FirebaseAnalyticsWithoutAdIdSupport;
		};
		B8FAAE742BA8E5C700D00BA2 /* FirebaseAppCheck */ = {
			isa = XCSwiftPackageProductDependency;
			package = B8824EB42BA6E35C00F534D2 /* XCRemoteSwiftPackageReference "firebase-ios-sdk" */;
			productName = FirebaseAppCheck;
		};
		B8FAAE762BA8E5C700D00BA2 /* FirebaseAppDistribution-Beta */ = {
			isa = XCSwiftPackageProductDependency;
			package = B8824EB42BA6E35C00F534D2 /* XCRemoteSwiftPackageReference "firebase-ios-sdk" */;
			productName = "FirebaseAppDistribution-Beta";
		};
		B8FAAE782BA8E5C700D00BA2 /* FirebaseAuth */ = {
			isa = XCSwiftPackageProductDependency;
			package = B8824EB42BA6E35C00F534D2 /* XCRemoteSwiftPackageReference "firebase-ios-sdk" */;
			productName = FirebaseAuth;
		};
		B8FAAE7A2BA8E5C700D00BA2 /* FirebaseAuthCombine-Community */ = {
			isa = XCSwiftPackageProductDependency;
			package = B8824EB42BA6E35C00F534D2 /* XCRemoteSwiftPackageReference "firebase-ios-sdk" */;
			productName = "FirebaseAuthCombine-Community";
		};
		B8FAAE7C2BA8E5C700D00BA2 /* FirebaseCrashlytics */ = {
			isa = XCSwiftPackageProductDependency;
			package = B8824EB42BA6E35C00F534D2 /* XCRemoteSwiftPackageReference "firebase-ios-sdk" */;
			productName = FirebaseCrashlytics;
		};
		B8FAAE7E2BA8E5C700D00BA2 /* FirebaseDatabaseSwift */ = {
			isa = XCSwiftPackageProductDependency;
			package = B8824EB42BA6E35C00F534D2 /* XCRemoteSwiftPackageReference "firebase-ios-sdk" */;
			productName = FirebaseDatabaseSwift;
		};
		B8FAAE802BA8E5C700D00BA2 /* FirebaseDynamicLinks */ = {
			isa = XCSwiftPackageProductDependency;
			package = B8824EB42BA6E35C00F534D2 /* XCRemoteSwiftPackageReference "firebase-ios-sdk" */;
			productName = FirebaseDynamicLinks;
		};
		B8FAAE822BA8E5C700D00BA2 /* FirebaseFirestore */ = {
			isa = XCSwiftPackageProductDependency;
			package = B8824EB42BA6E35C00F534D2 /* XCRemoteSwiftPackageReference "firebase-ios-sdk" */;
			productName = FirebaseFirestore;
		};
		B8FAAE842BA8E5C700D00BA2 /* FirebaseFirestoreCombine-Community */ = {
			isa = XCSwiftPackageProductDependency;
			package = B8824EB42BA6E35C00F534D2 /* XCRemoteSwiftPackageReference "firebase-ios-sdk" */;
			productName = "FirebaseFirestoreCombine-Community";
		};
		B8FAAE862BA8E5C700D00BA2 /* FirebaseFirestoreSwift */ = {
			isa = XCSwiftPackageProductDependency;
			package = B8824EB42BA6E35C00F534D2 /* XCRemoteSwiftPackageReference "firebase-ios-sdk" */;
			productName = FirebaseFirestoreSwift;
		};
		B8FAAE882BA8E5C700D00BA2 /* FirebaseFunctions */ = {
			isa = XCSwiftPackageProductDependency;
			package = B8824EB42BA6E35C00F534D2 /* XCRemoteSwiftPackageReference "firebase-ios-sdk" */;
			productName = FirebaseFunctions;
		};
		B8FAAE8A2BA8E5C700D00BA2 /* FirebaseFunctionsCombine-Community */ = {
			isa = XCSwiftPackageProductDependency;
			package = B8824EB42BA6E35C00F534D2 /* XCRemoteSwiftPackageReference "firebase-ios-sdk" */;
			productName = "FirebaseFunctionsCombine-Community";
		};
		B8FAAE8C2BA8E5C700D00BA2 /* FirebaseInAppMessaging-Beta */ = {
			isa = XCSwiftPackageProductDependency;
			package = B8824EB42BA6E35C00F534D2 /* XCRemoteSwiftPackageReference "firebase-ios-sdk" */;
			productName = "FirebaseInAppMessaging-Beta";
		};
		B8FAAE8E2BA8E5C700D00BA2 /* FirebaseInAppMessagingSwift-Beta */ = {
			isa = XCSwiftPackageProductDependency;
			package = B8824EB42BA6E35C00F534D2 /* XCRemoteSwiftPackageReference "firebase-ios-sdk" */;
			productName = "FirebaseInAppMessagingSwift-Beta";
		};
		B8FAAE902BA8E5C700D00BA2 /* FirebaseInstallations */ = {
			isa = XCSwiftPackageProductDependency;
			package = B8824EB42BA6E35C00F534D2 /* XCRemoteSwiftPackageReference "firebase-ios-sdk" */;
			productName = FirebaseInstallations;
		};
		B8FAAE922BA8E5C700D00BA2 /* FirebaseMLModelDownloader */ = {
			isa = XCSwiftPackageProductDependency;
			package = B8824EB42BA6E35C00F534D2 /* XCRemoteSwiftPackageReference "firebase-ios-sdk" */;
			productName = FirebaseMLModelDownloader;
		};
		B8FAAE942BA8E5C700D00BA2 /* FirebaseMessaging */ = {
			isa = XCSwiftPackageProductDependency;
			package = B8824EB42BA6E35C00F534D2 /* XCRemoteSwiftPackageReference "firebase-ios-sdk" */;
			productName = FirebaseMessaging;
		};
		B8FAAE962BA8E5C700D00BA2 /* FirebasePerformance */ = {
			isa = XCSwiftPackageProductDependency;
			package = B8824EB42BA6E35C00F534D2 /* XCRemoteSwiftPackageReference "firebase-ios-sdk" */;
			productName = FirebasePerformance;
		};
		B8FAAE982BA8E5C700D00BA2 /* FirebaseRemoteConfig */ = {
			isa = XCSwiftPackageProductDependency;
			package = B8824EB42BA6E35C00F534D2 /* XCRemoteSwiftPackageReference "firebase-ios-sdk" */;
			productName = FirebaseRemoteConfig;
		};
		B8FAAE9A2BA8E5C700D00BA2 /* FirebaseRemoteConfigSwift */ = {
			isa = XCSwiftPackageProductDependency;
			package = B8824EB42BA6E35C00F534D2 /* XCRemoteSwiftPackageReference "firebase-ios-sdk" */;
			productName = FirebaseRemoteConfigSwift;
		};
		B8FAAE9C2BA8E5C700D00BA2 /* FirebaseStorage */ = {
			isa = XCSwiftPackageProductDependency;
			package = B8824EB42BA6E35C00F534D2 /* XCRemoteSwiftPackageReference "firebase-ios-sdk" */;
			productName = FirebaseStorage;
		};
		B8FAAE9E2BA8E5C700D00BA2 /* FirebaseStorageCombine-Community */ = {
			isa = XCSwiftPackageProductDependency;
			package = B8824EB42BA6E35C00F534D2 /* XCRemoteSwiftPackageReference "firebase-ios-sdk" */;
			productName = "FirebaseStorageCombine-Community";
		};
/* End XCSwiftPackageProductDependency section */

/* Begin XCVersionGroup section */
		B8E1AA732B9A63380046E257 /* bananagrams.xcdatamodeld */ = {
			isa = XCVersionGroup;
			children = (
				B8E1AA742B9A63380046E257 /* bananagrams.xcdatamodel */,
			);
			currentVersion = B8E1AA742B9A63380046E257 /* bananagrams.xcdatamodel */;
			path = bananagrams.xcdatamodeld;
			sourceTree = "<group>";
			versionGroupType = wrapper.xcdatamodel;
		};
/* End XCVersionGroup section */
	};
	rootObject = B8E1AA5F2B9A63370046E257 /* Project object */;
}
